
Microsoft Visual Studio Solution File, Format Version 12.00
# Visual Studio Version 16
VisualStudioVersion = 16.0.30804.86
MinimumVisualStudioVersion = 10.0.40219.1
Project("{FAE04EC0-301F-11D3-BF4B-00C04F79EFBC}") = "EmployeesManagement", "EmployeesManagement\EmployeesManagement.csproj", "{390DB8BA-3936-4E4F-A1DB-34D20FF6649F}"
EndProject
Project("{FAE04EC0-301F-11D3-BF4B-00C04F79EFBC}") = "Domain", "Domain\Domain.csproj", "{713A70A1-5459-4959-9628-4353975C27F8}"
EndProject
Project("{FAE04EC0-301F-11D3-BF4B-00C04F79EFBC}") = "DbMigrations", "DbMigrations\DbMigrations.csproj", "{535A2B47-C203-44B7-A075-CBC058BD16DA}"
EndProject
Project("{FAE04EC0-301F-11D3-BF4B-00C04F79EFBC}") = "Repository", "Repository\Repository.csproj", "{58D67A39-1EB2-4482-A963-51683E30F2DC}"
EndProject
Project("{FAE04EC0-301F-11D3-BF4B-00C04F79EFBC}") = "Service", "Service\Service.csproj", "{287A96CB-46E2-4B5A-B243-F9B8867154A2}"
EndProject
Global
	GlobalSection(SolutionConfigurationPlatforms) = preSolution
		Debug|Any CPU = Debug|Any CPU
		Release|Any CPU = Release|Any CPU
	EndGlobalSection
	GlobalSection(ProjectConfigurationPlatforms) = postSolution
		{390DB8BA-3936-4E4F-A1DB-34D20FF6649F}.Debug|Any CPU.ActiveCfg = Debug|Any CPU
		{390DB8BA-3936-4E4F-A1DB-34D20FF6649F}.Debug|Any CPU.Build.0 = Debug|Any CPU
		{390DB8BA-3936-4E4F-A1DB-34D20FF6649F}.Release|Any CPU.ActiveCfg = Release|Any CPU
		{390DB8BA-3936-4E4F-A1DB-34D20FF6649F}.Release|Any CPU.Build.0 = Release|Any CPU
		{713A70A1-5459-4959-9628-4353975C27F8}.Debug|Any CPU.ActiveCfg = Debug|Any CPU
		{713A70A1-5459-4959-9628-4353975C27F8}.Debug|Any CPU.Build.0 = Debug|Any CPU
		{713A70A1-5459-4959-9628-4353975C27F8}.Release|Any CPU.ActiveCfg = Release|Any CPU
		{713A70A1-5459-4959-9628-4353975C27F8}.Release|Any CPU.Build.0 = Release|Any CPU
		{535A2B47-C203-44B7-A075-CBC058BD16DA}.Debug|Any CPU.ActiveCfg = Debug|Any CPU
		{535A2B47-C203-44B7-A075-CBC058BD16DA}.Debug|Any CPU.Build.0 = Debug|Any CPU
		{535A2B47-C203-44B7-A075-CBC058BD16DA}.Release|Any CPU.ActiveCfg = Release|Any CPU
		{535A2B47-C203-44B7-A075-CBC058BD16DA}.Release|Any CPU.Build.0 = Release|Any CPU
		{58D67A39-1EB2-4482-A963-51683E30F2DC}.Debug|Any CPU.ActiveCfg = Debug|Any CPU
		{58D67A39-1EB2-4482-A963-51683E30F2DC}.Debug|Any CPU.Build.0 = Debug|Any CPU
		{58D67A39-1EB2-4482-A963-51683E30F2DC}.Release|Any CPU.ActiveCfg = Release|Any CPU
		{58D67A39-1EB2-4482-A963-51683E30F2DC}.Release|Any CPU.Build.0 = Release|Any CPU
		{287A96CB-46E2-4B5A-B243-F9B8867154A2}.Debug|Any CPU.ActiveCfg = Debug|Any CPU
		{287A96CB-46E2-4B5A-B243-F9B8867154A2}.Debug|Any CPU.Build.0 = Debug|Any CPU
		{287A96CB-46E2-4B5A-B243-F9B8867154A2}.Release|Any CPU.ActiveCfg = Release|Any CPU
		{287A96CB-46E2-4B5A-B243-F9B8867154A2}.Release|Any CPU.Build.0 = Release|Any CPU
	EndGlobalSection
	GlobalSection(SolutionProperties) = preSolution
		HideSolutionNode = FALSE
	EndGlobalSection
	GlobalSection(ExtensibilityGlobals) = postSolution
		SolutionGuid = {FAE01526-C226-44CD-B073-53A6882683D0}
	EndGlobalSection
EndGlobal
